{
  "name": "@honeyworks/reader",
  "version": "1.0.1",
  "lockfileVersion": 1,
  "requires": true,
  "dependencies": {
    "@babel/runtime": {
      "version": "7.12.5",
      "resolved": "https://registry.npmjs.org/@babel/runtime/-/runtime-7.12.5.tgz",
      "integrity": "sha512-plcc+hbExy3McchJCEQG3knOsuh3HH+Prx1P6cLIkET/0dLuQDEnrT+s27Axgc9bqfsmNUNHfscgMUdBpC9xfg==",
      "requires": {
        "regenerator-runtime": "^0.13.4"
      }
    },
    "@hummhive/saltpack": {
      "version": "1.9.0",
      "resolved": "https://registry.npmjs.org/@hummhive/saltpack/-/saltpack-1.9.0.tgz",
      "integrity": "sha512-B9gfRaTx+Mn2FBDFbbhgD7rJRrZD7WFaFO7KzHLl9dCUv04p/Jlo4vy2olgLTx/HsAJq5iX2meMRFOx93Kguvg==",
      "requires": {
        "@msgpack/msgpack": "^2.3.0",
        "@types/duplexer2": "^0.1.2",
        "@types/multipipe": "^3.0.0",
        "@types/readable-stream": "^2.3.9",
        "@types/uuid": "^8.3.0",
        "duplexer2": "^0.1.4",
        "file-type": "^16.1.0",
        "fp-ts": "^2.8.4",
        "io-ts": "^2.2.11",
        "msgpackr": "^1.0.2",
        "multipipe": "^4.0.0",
        "pumpify": "^2.0.1",
        "readable-stream": "^3.6.0",
        "stream-to-async-iterator": "^0.2.0",
        "tweetnacl": "^1.0.3",
        "uuid": "^8.3.2"
      }
    },
    "@msgpack/msgpack": {
      "version": "2.3.0",
      "resolved": "https://registry.npmjs.org/@msgpack/msgpack/-/msgpack-2.3.0.tgz",
      "integrity": "sha512-xxRejzNpiVQ2lzxMG/yo2ocfZSk+cKo2THq54AimaubMucg66DpQm9Yj7ESMr/l2EqDkmF2Dx4r0F/cbsitAaw=="
    },
    "@tokenizer/token": {
      "version": "0.1.1",
      "resolved": "https://registry.npmjs.org/@tokenizer/token/-/token-0.1.1.tgz",
      "integrity": "sha512-XO6INPbZCxdprl+9qa/AAbFFOMzzwqYxpjPgLICrMD6C2FCw6qfJOPcBk6JqqPLSaZ/Qx87qn4rpPmPMwaAK6w=="
    },
    "@types/debug": {
      "version": "4.1.5",
      "resolved": "https://registry.npmjs.org/@types/debug/-/debug-4.1.5.tgz",
      "integrity": "sha512-Q1y515GcOdTHgagaVFhHnIFQ38ygs/kmxdNpvpou+raI9UO3YZcHDngBSYKQklcKlvA7iuQlmIKbzvmxcOE9CQ=="
    },
    "@types/duplexer2": {
      "version": "0.1.2",
      "resolved": "https://registry.npmjs.org/@types/duplexer2/-/duplexer2-0.1.2.tgz",
      "integrity": "sha512-hP3ZD80fGyv7VwCWvdrmhMN0jLopxHxBoQuPm/jp9kmQ1klrbNU4/3fFg2acCfnJZXlOSBIKJBLSHFN7k9j14A==",
      "requires": {
        "@types/node": "*"
      }
    },
    "@types/multipipe": {
      "version": "3.0.0",
      "resolved": "https://registry.npmjs.org/@types/multipipe/-/multipipe-3.0.0.tgz",
      "integrity": "sha512-CbhyiQkqlGTacMjyw64y1/jIFBJr0TKPefLyUyXmIhabNv5rA8X1+60ss3TjlLoM3JsK288HVyPwTnO0nHawJA==",
      "requires": {
        "@types/node": "*"
      }
    },
    "@types/node": {
      "version": "14.14.22",
      "resolved": "https://registry.npmjs.org/@types/node/-/node-14.14.22.tgz",
      "integrity": "sha512-g+f/qj/cNcqKkc3tFqlXOYjrmZA+jNBiDzbP3kH+B+otKFqAdPgVTGP1IeKRdMml/aE69as5S4FqtxAbl+LaMw=="
    },
    "@types/readable-stream": {
      "version": "2.3.9",
      "resolved": "https://registry.npmjs.org/@types/readable-stream/-/readable-stream-2.3.9.tgz",
      "integrity": "sha512-sqsgQqFT7HmQz/V5jH1O0fvQQnXAJO46Gg9LRO/JPfjmVmGUlcx831TZZO3Y3HtWhIkzf3kTsNT0Z0kzIhIvZw==",
      "requires": {
        "@types/node": "*",
        "safe-buffer": "*"
      }
    },
    "@types/uuid": {
      "version": "8.3.0",
      "resolved": "https://registry.npmjs.org/@types/uuid/-/uuid-8.3.0.tgz",
      "integrity": "sha512-eQ9qFW/fhfGJF8WKHGEHZEyVWfZxrT+6CLIJGBcZPfxUh/+BnEj+UCGYMlr9qZuX/2AltsvwrGqp0LhEW8D0zQ=="
    },
    "base64-js": {
      "version": "1.5.1",
      "resolved": "https://registry.npmjs.org/base64-js/-/base64-js-1.5.1.tgz",
      "integrity": "sha512-AKpaYlHn8t4SVbOHCy+b5+KKgvR4vrsD8vbvrbiQJps7fKDTkjkDry6ji0rUJjC0kzbNePLwzxq8iypo41qeWA==",
      "dev": true
    },
    "bluebird": {
      "version": "3.7.2",
      "resolved": "https://registry.npmjs.org/bluebird/-/bluebird-3.7.2.tgz",
      "integrity": "sha512-XpNj6GDQzdfW+r2Wnn7xiSAd7TM3jzkxGXBGTtWKuSXv1xUV+azxAm8jdWZN06QTQk+2N2XB9jRDkvbmQmcRtg=="
    },
    "buffer": {
      "version": "6.0.3",
      "resolved": "https://registry.npmjs.org/buffer/-/buffer-6.0.3.tgz",
      "integrity": "sha512-FTiCpNxtwiZZHEZbcbTIcZjERVICn9yq/pDFkTl95/AxzD1naBctN7YO68riM/gLSDY7sdrMby8hofADYuuqOA==",
      "dev": true,
      "requires": {
        "base64-js": "^1.3.1",
        "ieee754": "^1.2.1"
      }
    },
    "core-util-is": {
      "version": "1.0.2",
      "resolved": "https://registry.npmjs.org/core-util-is/-/core-util-is-1.0.2.tgz",
      "integrity": "sha1-tf1UIgqivFq1eqtxQMlAdUUDwac="
    },
    "duplexer2": {
      "version": "0.1.4",
      "resolved": "https://registry.npmjs.org/duplexer2/-/duplexer2-0.1.4.tgz",
      "integrity": "sha1-ixLauHjA1p4+eJEFFmKjL8a93ME=",
      "requires": {
        "readable-stream": "^2.0.2"
      },
      "dependencies": {
        "readable-stream": {
          "version": "2.3.7",
          "resolved": "https://registry.npmjs.org/readable-stream/-/readable-stream-2.3.7.tgz",
          "integrity": "sha512-Ebho8K4jIbHAxnuxi7o42OrZgF/ZTNcsZj6nRKyUmkhLFq8CHItp/fy6hQZuZmP/n3yZ9VBUbp4zz/mX8hmYPw==",
          "requires": {
            "core-util-is": "~1.0.0",
            "inherits": "~2.0.3",
            "isarray": "~1.0.0",
            "process-nextick-args": "~2.0.0",
            "safe-buffer": "~5.1.1",
            "string_decoder": "~1.1.1",
            "util-deprecate": "~1.0.1"
          }
        },
        "safe-buffer": {
          "version": "5.1.2",
          "resolved": "https://registry.npmjs.org/safe-buffer/-/safe-buffer-5.1.2.tgz",
          "integrity": "sha512-Gd2UZBJDkXlY7GbJxfsE8/nvKkUEU1G38c1siN6QP6a9PT9MmHB8GnpscSmMJSoF8LOIrt8ud/wPtojys4G6+g=="
        }
      }
    },
    "duplexify": {
      "version": "4.1.1",
      "resolved": "https://registry.npmjs.org/duplexify/-/duplexify-4.1.1.tgz",
      "integrity": "sha512-DY3xVEmVHTv1wSzKNbwoU6nVjzI369Y6sPoqfYr0/xlx3IdX2n94xIszTcjPO8W8ZIv0Wb0PXNcjuZyT4wiICA==",
      "requires": {
        "end-of-stream": "^1.4.1",
        "inherits": "^2.0.3",
        "readable-stream": "^3.1.1",
        "stream-shift": "^1.0.0"
      }
    },
    "end-of-stream": {
      "version": "1.4.4",
      "resolved": "https://registry.npmjs.org/end-of-stream/-/end-of-stream-1.4.4.tgz",
      "integrity": "sha512-+uw1inIHVPQoaVuHzRyXd21icM+cnt4CzD5rW+NC1wjOUSTOs+Te7FOv7AhN7vS9x/oIyhLP5PR1H+phQAHu5Q==",
      "requires": {
        "once": "^1.4.0"
      }
    },
    "file-type": {
      "version": "16.2.0",
      "resolved": "https://registry.npmjs.org/file-type/-/file-type-16.2.0.tgz",
      "integrity": "sha512-1Wwww3mmZCMmLjBfslCluwt2mxH80GsAXYrvPnfQ42G1EGWag336kB1iyCgyn7UXiKY3cJrNykXPrCwA7xb5Ag==",
      "requires": {
        "readable-web-to-node-stream": "^3.0.0",
        "strtok3": "^6.0.3",
        "token-types": "^2.0.0",
        "typedarray-to-buffer": "^3.1.5"
      }
    },
    "fp-ts": {
      "version": "2.9.5",
      "resolved": "https://registry.npmjs.org/fp-ts/-/fp-ts-2.9.5.tgz",
      "integrity": "sha512-MiHrA5teO6t8zKArE3DdMPT/Db6v2GUt5yfWnhBTrrsVfeCJUUnV6sgFvjGNBKDmEMqVwRFkEePL7wPwqrLKKA=="
    },
    "gatsby-transformer-json": {
      "version": "2.10.0",
      "resolved": "https://registry.npmjs.org/gatsby-transformer-json/-/gatsby-transformer-json-2.10.0.tgz",
      "integrity": "sha512-OvDvhDLDwzLDzg/z4Xogs/toObF3xASsBGmQknsUIrNqwCYztJVBeIqgNnphkQykmhvWTp3KC2o2kIcl6jPQRQ==",
      "requires": {
        "@babel/runtime": "^7.12.5",
        "bluebird": "^3.7.2"
      }
    },
    "ieee754": {
      "version": "1.2.1",
      "resolved": "https://registry.npmjs.org/ieee754/-/ieee754-1.2.1.tgz",
      "integrity": "sha512-dcyqhDvX1C46lXZcVqCpK+FtMRQVdIMN6/Df5js2zouUsqG7I6sFxitIC+7KYK29KdXOLHdu9zL4sFnoVQnqaA=="
    },
    "inherits": {
      "version": "2.0.4",
      "resolved": "https://registry.npmjs.org/inherits/-/inherits-2.0.4.tgz",
      "integrity": "sha512-k/vGaX4/Yla3WzyMCvTQOXYeIHvqOKtnqBduzTHpzpQZzAskKMhZ2K+EnBiSM9zGSoIFeMpXKxa4dYeZIQqewQ=="
    },
    "io-ts": {
      "version": "2.2.14",
      "resolved": "https://registry.npmjs.org/io-ts/-/io-ts-2.2.14.tgz",
      "integrity": "sha512-UWL1mdDe5YI4+/7YlrbsSwKmsECFFlWcVHT2CPGzeNODHj2qY0cibjulYfrfz5SCPoDAsjVP7vFKGcF+L10+SQ=="
    },
    "is-typedarray": {
      "version": "1.0.0",
      "resolved": "https://registry.npmjs.org/is-typedarray/-/is-typedarray-1.0.0.tgz",
      "integrity": "sha1-5HnICFjfDBsR3dppQPlgEfzaSpo="
    },
    "isarray": {
      "version": "1.0.0",
      "resolved": "https://registry.npmjs.org/isarray/-/isarray-1.0.0.tgz",
      "integrity": "sha1-u5NdSFgsuhaMBoNJV6VKPgcSTxE="
    },
    "msgpackr": {
      "version": "1.2.0",
      "resolved": "https://registry.npmjs.org/msgpackr/-/msgpackr-1.2.0.tgz",
      "integrity": "sha512-4PV6X/bV8AbAL/VqSlx4Feb7k0AGXlrm9SY2awAAaluystY3k5pqptVki8AiozzN46Vyb6tN/Rushd6NB3hc8Q==",
      "requires": {
        "msgpackr-extract": "^1.0.5"
      }
    },
    "msgpackr-extract": {
      "version": "1.0.5",
      "resolved": "https://registry.npmjs.org/msgpackr-extract/-/msgpackr-extract-1.0.5.tgz",
      "integrity": "sha512-sXNJtCHjxgigWaYn1wxPgHcc07mmG7R2lcmwp/n6hxT3BXtLGnY77cElvPtG0DHYv1W6NnS5P1FhAHOIaCyR8g==",
      "optional": true,
      "requires": {
        "nan": "^2.14.2",
        "node-gyp-build": "^4.2.3"
      }
    },
    "multipipe": {
      "version": "4.0.0",
      "resolved": "https://registry.npmjs.org/multipipe/-/multipipe-4.0.0.tgz",
      "integrity": "sha512-jzcEAzFXoWwWwUbvHCNPwBlTz3WCWe/jPcXSmTfbo/VjRwRTfvLZ/bdvtiTdqCe8d4otCSsPCbhGYcX+eggpKQ==",
      "requires": {
        "duplexer2": "^0.1.2",
        "object-assign": "^4.1.0"
      }
    },
    "nan": {
      "version": "2.14.2",
      "resolved": "https://registry.npmjs.org/nan/-/nan-2.14.2.tgz",
      "integrity": "sha512-M2ufzIiINKCuDfBSAUr1vWQ+vuVcA9kqx8JJUsbQi6yf1uGRyb7HfpdfUr5qLXf3B/t8dPvcjhKMmlfnP47EzQ==",
      "optional": true
    },
    "node-gyp-build": {
      "version": "4.2.3",
      "resolved": "https://registry.npmjs.org/node-gyp-build/-/node-gyp-build-4.2.3.tgz",
      "integrity": "sha512-MN6ZpzmfNCRM+3t57PTJHgHyw/h4OWnZ6mR8P5j/uZtqQr46RRuDE/P+g3n0YR/AiYXeWixZZzaip77gdICfRg==",
      "optional": true
    },
    "object-assign": {
      "version": "4.1.1",
      "resolved": "https://registry.npmjs.org/object-assign/-/object-assign-4.1.1.tgz",
      "integrity": "sha1-IQmtx5ZYh8/AXLvUQsrIv7s2CGM="
    },
    "once": {
      "version": "1.4.0",
      "resolved": "https://registry.npmjs.org/once/-/once-1.4.0.tgz",
      "integrity": "sha1-WDsap3WWHUsROsF9nFC6753Xa9E=",
      "requires": {
        "wrappy": "1"
      }
    },
    "peek-readable": {
      "version": "3.1.3",
      "resolved": "https://registry.npmjs.org/peek-readable/-/peek-readable-3.1.3.tgz",
      "integrity": "sha512-mpAcysyRJxmICBcBa5IXH7SZPvWkcghm6Fk8RekoS3v+BpbSzlZzuWbMx+GXrlUwESi9qHar4nVEZNMKylIHvg=="
    },
    "process": {
      "version": "0.11.10",
      "resolved": "https://registry.npmjs.org/process/-/process-0.11.10.tgz",
      "integrity": "sha1-czIwDoQBYb2j5podHZGn1LwW8YI=",
      "dev": true
    },
    "process-nextick-args": {
      "version": "2.0.1",
      "resolved": "https://registry.npmjs.org/process-nextick-args/-/process-nextick-args-2.0.1.tgz",
      "integrity": "sha512-3ouUOpQhtgrbOa17J7+uxOTpITYWaGP7/AhoR3+A+/1e9skrzelGi/dXzEYyvbxubEF6Wn2ypscTKiKJFFn1ag=="
    },
    "pump": {
      "version": "3.0.0",
      "resolved": "https://registry.npmjs.org/pump/-/pump-3.0.0.tgz",
      "integrity": "sha512-LwZy+p3SFs1Pytd/jYct4wpv49HiYCqd9Rlc5ZVdk0V+8Yzv6jR5Blk3TRmPL1ft69TxP0IMZGJ+WPFU2BFhww==",
      "requires": {
        "end-of-stream": "^1.1.0",
        "once": "^1.3.1"
      }
    },
    "pumpify": {
      "version": "2.0.1",
      "resolved": "https://registry.npmjs.org/pumpify/-/pumpify-2.0.1.tgz",
      "integrity": "sha512-m7KOje7jZxrmutanlkS1daj1dS6z6BgslzOXmcSEpIlCxM3VJH7lG5QLeck/6hgF6F4crFf01UtQmNsJfweTAw==",
      "requires": {
        "duplexify": "^4.1.1",
        "inherits": "^2.0.3",
        "pump": "^3.0.0"
      }
    },
    "readable-stream": {
      "version": "3.6.0",
      "resolved": "https://registry.npmjs.org/readable-stream/-/readable-stream-3.6.0.tgz",
      "integrity": "sha512-BViHy7LKeTz4oNnkcLJ+lVSL6vpiFeX6/d3oSH8zCW7UxP2onchk+vTGB143xuFjHS3deTgkKoXXymXqymiIdA==",
      "requires": {
        "inherits": "^2.0.3",
        "string_decoder": "^1.1.1",
        "util-deprecate": "^1.0.1"
      }
    },
    "readable-web-to-node-stream": {
      "version": "3.0.1",
      "resolved": "https://registry.npmjs.org/readable-web-to-node-stream/-/readable-web-to-node-stream-3.0.1.tgz",
      "integrity": "sha512-4zDC6CvjUyusN7V0QLsXVB7pJCD9+vtrM9bYDRv6uBQ+SKfx36rp5AFNPRgh9auKRul/a1iFZJYXcCbwRL+SaA==",
      "requires": {
        "@types/readable-stream": "^2.3.9",
        "readable-stream": "^3.6.0"
      }
    },
    "regenerator-runtime": {
      "version": "0.13.7",
      "resolved": "https://registry.npmjs.org/regenerator-runtime/-/regenerator-runtime-0.13.7.tgz",
      "integrity": "sha512-a54FxoJDIr27pgf7IgeQGxmqUNYrcV338lf/6gH456HZ/PhX+5BcwHXG9ajESmwe6WRO0tAzRUrRmNONWgkrew=="
    },
    "safe-buffer": {
      "version": "5.2.1",
      "resolved": "https://registry.npmjs.org/safe-buffer/-/safe-buffer-5.2.1.tgz",
      "integrity": "sha512-rp3So07KcdmmKbGvgaNxQSJr7bGVSVk5S9Eq1F+ppbRo70+YeaDxkw5Dd8NPN+GD6bjnYm2VuPuCXmpuYvmCXQ=="
    },
    "stream-browserify": {
      "version": "3.0.0",
      "resolved": "https://registry.npmjs.org/stream-browserify/-/stream-browserify-3.0.0.tgz",
      "integrity": "sha512-H73RAHsVBapbim0tU2JwwOiXUj+fikfiaoYAKHF3VJfA0pe2BCzkhAHBlLG6REzE+2WNZcxOXjK7lkso+9euLA==",
      "requires": {
        "inherits": "~2.0.4",
        "readable-stream": "^3.5.0"
      }
    },
    "stream-shift": {
      "version": "1.0.1",
      "resolved": "https://registry.npmjs.org/stream-shift/-/stream-shift-1.0.1.tgz",
      "integrity": "sha512-AiisoFqQ0vbGcZgQPY1cdP2I76glaVA/RauYR4G4thNFgkTqr90yXTo4LYX60Jl+sIlPNHHdGSwo01AvbKUSVQ=="
    },
    "stream-to-async-iterator": {
      "version": "0.2.0",
      "resolved": "https://registry.npmjs.org/stream-to-async-iterator/-/stream-to-async-iterator-0.2.0.tgz",
      "integrity": "sha1-vvXIhelST5iy+l7/7MNXvVhIN4A="
    },
    "string_decoder": {
      "version": "1.1.1",
      "resolved": "https://registry.npmjs.org/string_decoder/-/string_decoder-1.1.1.tgz",
      "integrity": "sha512-n/ShnvDi6FHbbVfviro+WojiFzv+s8MPMHBczVePfUpDJLwoLT0ht1l4YwBCbi8pJAveEEdnkHyPyTP/mzRfwg==",
      "requires": {
        "safe-buffer": "~5.1.0"
      },
      "dependencies": {
        "safe-buffer": {
          "version": "5.1.2",
          "resolved": "https://registry.npmjs.org/safe-buffer/-/safe-buffer-5.1.2.tgz",
          "integrity": "sha512-Gd2UZBJDkXlY7GbJxfsE8/nvKkUEU1G38c1siN6QP6a9PT9MmHB8GnpscSmMJSoF8LOIrt8ud/wPtojys4G6+g=="
        }
      }
    },
    "strtok3": {
      "version": "6.0.8",
      "resolved": "https://registry.npmjs.org/strtok3/-/strtok3-6.0.8.tgz",
      "integrity": "sha512-QLgv+oiXwXgCgp2PdPPa+Jpp4D9imK9e/0BsyfeFMr6QL6wMVqoVn9+OXQ9I7MZbmUzN6lmitTJ09uwS2OmGcw==",
      "requires": {
        "@tokenizer/token": "^0.1.1",
        "@types/debug": "^4.1.5",
        "peek-readable": "^3.1.3"
      }
    },
    "token-types": {
      "version": "2.1.1",
      "resolved": "https://registry.npmjs.org/token-types/-/token-types-2.1.1.tgz",
      "integrity": "sha512-wnQcqlreS6VjthyHO3Y/kpK/emflxDBNhlNUPfh7wE39KnuDdOituXomIbyI79vBtF0Ninpkh72mcuRHo+RG3Q==",
      "requires": {
        "@tokenizer/token": "^0.1.1",
        "ieee754": "^1.2.1"
      }
    },
    "tweetnacl": {
      "version": "1.0.3",
      "resolved": "https://registry.npmjs.org/tweetnacl/-/tweetnacl-1.0.3.tgz",
      "integrity": "sha512-6rt+RN7aOi1nGMyC4Xa5DdYiukl2UWCbcJft7YhxReBGQD7OAM8Pbxw6YMo4r2diNEA8FEmu32YOn9rhaiE5yw=="
    },
    "tweetnacl-util": {
      "version": "0.15.1",
      "resolved": "https://registry.npmjs.org/tweetnacl-util/-/tweetnacl-util-0.15.1.tgz",
      "integrity": "sha512-RKJBIj8lySrShN4w6i/BonWp2Z/uxwC3h4y7xsRrpP59ZboCd0GpEVsOnMDYLMmKBpYhb5TgHzZXy7wTfYFBRw=="
    },
    "typedarray-to-buffer": {
      "version": "3.1.5",
      "resolved": "https://registry.npmjs.org/typedarray-to-buffer/-/typedarray-to-buffer-3.1.5.tgz",
      "integrity": "sha512-zdu8XMNEDepKKR+XYOXAVPtWui0ly0NtohUscw+UmaHiAWT8hrV1rr//H6V+0DvJ3OQ19S979M0laLfX8rm82Q==",
      "requires": {
        "is-typedarray": "^1.0.0"
      }
    },
    "util-deprecate": {
      "version": "1.0.2",
      "resolved": "https://registry.npmjs.org/util-deprecate/-/util-deprecate-1.0.2.tgz",
      "integrity": "sha1-RQ1Nyfpw3nMnYvvS1KKJgUGaDM8="
    },
    "uuid": {
      "version": "8.3.2",
      "resolved": "https://registry.npmjs.org/uuid/-/uuid-8.3.2.tgz",
      "integrity": "sha512-+NYs2QeMWy+GWFOEm9xnn6HCDp0l7QBD7ml8zLUmJ+93Q5NF0NocErnwkTkXVFNiX3/fpC6afS8Dhb/gz7R7eg=="
    },
    "wrappy": {
      "version": "1.0.2",
      "resolved": "https://registry.npmjs.org/wrappy/-/wrappy-1.0.2.tgz",
      "integrity": "sha1-tSQ9jz7BqjXxNkYFvA0QNuMKtp8="
    }
  }
}
